
Microsoft Visual Studio Solution File, Format Version 12.00
# Visual Studio Version 16
VisualStudioVersion = 16.0.32228.343
MinimumVisualStudioVersion = 10.0.40219.1
Project("{FAE04EC0-301F-11D3-BF4B-00C04F79EFBC}") = "DistillateExchangeExe - Send Mail", "DistillateExchangeExe - Send Mail.csproj", "{55A402B7-C3F0-43F6-B625-0CA270572A8A}"
EndProject
Global
	GlobalSection(SolutionConfigurationPlatforms) = preSolution
		Debug|Any CPU = Debug|Any CPU
		Release|Any CPU = Release|Any CPU
	EndGlobalSection
	GlobalSection(ProjectConfigurationPlatforms) = postSolution
		{55A402B7-C3F0-43F6-B625-0CA270572A8A}.Debug|Any CPU.ActiveCfg = Debug|Any CPU
		{55A402B7-C3F0-43F6-B625-0CA270572A8A}.Debug|Any CPU.Build.0 = Debug|Any CPU
		{55A402B7-C3F0-43F6-B625-0CA270572A8A}.Release|Any CPU.ActiveCfg = Release|Any CPU
		{55A402B7-C3F0-43F6-B625-0CA270572A8A}.Release|Any CPU.Build.0 = Release|Any CPU
	EndGlobalSection
	GlobalSection(SolutionProperties) = preSolution
		HideSolutionNode = FALSE
	EndGlobalSection
	GlobalSection(ExtensibilityGlobals) = postSolution
		SolutionGuid = {8F143538-2BB2-4B65-8B4B-46336527415E}
	EndGlobalSection
EndGlobal
